
Microsoft Visual Studio Solution File, Format Version 12.00
# Visual Studio Version 17
VisualStudioVersion = 17.8.34525.116
MinimumVisualStudioVersion = 10.0.40219.1
Project("{8BC9CEB8-8B4A-11D0-8D11-00A0C91BC942}") = "replace", "replace\replace.vcxproj", "{9BFD76FF-92C2-480D-BEAF-0175EB849A62}"
EndProject
Project("{8BC9CEB8-8B4A-11D0-8D11-00A0C91BC942}") = "replace_tests", "replace_tests\replace_tests.vcxproj", "{8F8B66D3-683A-4D84-ABA4-69E1DF7EAEA1}"
EndProject
Global
	GlobalSection(SolutionConfigurationPlatforms) = preSolution
		Debug|x64 = Debug|x64
		Debug|x86 = Debug|x86
		Release|x64 = Release|x64
		Release|x86 = Release|x86
	EndGlobalSection
	GlobalSection(ProjectConfigurationPlatforms) = postSolution
		{9BFD76FF-92C2-480D-BEAF-0175EB849A62}.Debug|x64.ActiveCfg = Debug|x64
		{9BFD76FF-92C2-480D-BEAF-0175EB849A62}.Debug|x64.Build.0 = Debug|x64
		{9BFD76FF-92C2-480D-BEAF-0175EB849A62}.Debug|x86.ActiveCfg = Debug|Win32
		{9BFD76FF-92C2-480D-BEAF-0175EB849A62}.Debug|x86.Build.0 = Debug|Win32
		{9BFD76FF-92C2-480D-BEAF-0175EB849A62}.Release|x64.ActiveCfg = Release|x64
		{9BFD76FF-92C2-480D-BEAF-0175EB849A62}.Release|x64.Build.0 = Release|x64
		{9BFD76FF-92C2-480D-BEAF-0175EB849A62}.Release|x86.ActiveCfg = Release|Win32
		{9BFD76FF-92C2-480D-BEAF-0175EB849A62}.Release|x86.Build.0 = Release|Win32
		{8F8B66D3-683A-4D84-ABA4-69E1DF7EAEA1}.Debug|x64.ActiveCfg = Debug|x64
		{8F8B66D3-683A-4D84-ABA4-69E1DF7EAEA1}.Debug|x64.Build.0 = Debug|x64
		{8F8B66D3-683A-4D84-ABA4-69E1DF7EAEA1}.Debug|x86.ActiveCfg = Debug|Win32
		{8F8B66D3-683A-4D84-ABA4-69E1DF7EAEA1}.Debug|x86.Build.0 = Debug|Win32
		{8F8B66D3-683A-4D84-ABA4-69E1DF7EAEA1}.Release|x64.ActiveCfg = Release|x64
		{8F8B66D3-683A-4D84-ABA4-69E1DF7EAEA1}.Release|x64.Build.0 = Release|x64
		{8F8B66D3-683A-4D84-ABA4-69E1DF7EAEA1}.Release|x86.ActiveCfg = Release|Win32
		{8F8B66D3-683A-4D84-ABA4-69E1DF7EAEA1}.Release|x86.Build.0 = Release|Win32
	EndGlobalSection
	GlobalSection(SolutionProperties) = preSolution
		HideSolutionNode = FALSE
	EndGlobalSection
	GlobalSection(ExtensibilityGlobals) = postSolution
		SolutionGuid = {742A6CD6-7612-4CE1-93F4-C27E30C67471}
	EndGlobalSection
EndGlobal
